
Microsoft Visual Studio Solution File, Format Version 12.00
# Visual Studio Version 17
VisualStudioVersion = 17.0.31903.59
MinimumVisualStudioVersion = 10.0.40219.1
Project("{2150E333-8FDC-42A3-9474-1A3956D46DE8}") = "src", "src", "{1D928C8D-7E6C-441E-810B-A2B99D550743}"
EndProject
Project("{2150E333-8FDC-42A3-9474-1A3956D46DE8}") = "Api", "Api", "{ED0F9039-2CE1-4F34-BC0C-A1D06F7A063E}"
EndProject
Project("{FAE04EC0-301F-11D3-BF4B-00C04F79EFBC}") = "PPTify.Api", "src\Api\PPTify.Api\PPTify.Api.csproj", "{331FFC28-C64F-46ED-B2DA-4B10B1337B4C}"
EndProject
Project("{2150E333-8FDC-42A3-9474-1A3956D46DE8}") = "Application", "Application", "{9D508D4C-6D6F-45CC-9892-B500B3E588FB}"
EndProject
Project("{FAE04EC0-301F-11D3-BF4B-00C04F79EFBC}") = "PPTify.Application", "src\Application\PPTify.Application\PPTify.Application.csproj", "{AFCC1C43-07FB-420C-BF31-26083078D7A5}"
EndProject
Project("{2150E333-8FDC-42A3-9474-1A3956D46DE8}") = "Domain", "Domain", "{FB39CCF7-7F5D-492A-BC8D-1F1896311560}"
EndProject
Project("{FAE04EC0-301F-11D3-BF4B-00C04F79EFBC}") = "PPTify.Domain", "src\Domain\PPTify.Domain\PPTify.Domain.csproj", "{238F7F7D-39E5-485C-B886-FBC5A7FBC9CC}"
EndProject
Project("{2150E333-8FDC-42A3-9474-1A3956D46DE8}") = "Infrastructure", "Infrastructure", "{39A7AFF2-E544-44E5-8C4F-EB58DD002C90}"
EndProject
Project("{FAE04EC0-301F-11D3-BF4B-00C04F79EFBC}") = "PPTify.Infrastructure", "src\Infrastructure\PPTify.Infrastructure\PPTify.Infrastructure.csproj", "{69BBAD86-1925-4DA4-953D-B8FBAFFC2632}"
EndProject
Project("{2150E333-8FDC-42A3-9474-1A3956D46DE8}") = "Shared", "Shared", "{1626D45D-49B9-492D-BC8C-498AF592D9D1}"
EndProject
Project("{FAE04EC0-301F-11D3-BF4B-00C04F79EFBC}") = "PPTify.Shared", "src\Shared\PPTify.Shared\PPTify.Shared.csproj", "{C06D5D9A-00D1-4DF2-99DE-1610B744393F}"
EndProject
Project("{2150E333-8FDC-42A3-9474-1A3956D46DE8}") = "tests", "tests", "{1E57BE5A-07FC-4AAC-A282-2EA815B91015}"
EndProject
Project("{FAE04EC0-301F-11D3-BF4B-00C04F79EFBC}") = "PPTify.Tests.Unit", "tests\PPTify.Tests.Unit\PPTify.Tests.Unit.csproj", "{B3F30188-7E98-444A-94A2-2C8D3E2B7627}"
EndProject
Project("{FAE04EC0-301F-11D3-BF4B-00C04F79EFBC}") = "PPTify.Tests.Integration", "tests\PPTify.Tests.Integration\PPTify.Tests.Integration.csproj", "{8542D01A-9C26-4976-8DFA-D60B598EC2CC}"
EndProject
Project("{FAE04EC0-301F-11D3-BF4B-00C04F79EFBC}") = "PPTify.Tests.Functional", "tests\PPTify.Tests.Functional\PPTify.Tests.Functional.csproj", "{733989D7-78DD-4321-B66E-77168F90B81D}"
EndProject
Project("{2150E333-8FDC-42A3-9474-1A3956D46DE8}") = "docs", "docs", "{06D81FD9-C8F4-4947-9BE1-BD795B5BE6E2}"
EndProject
Project("{2150E333-8FDC-42A3-9474-1A3956D46DE8}") = "scripts", "scripts", "{A2D65FEC-AAF3-4D3C-948B-33027E5F9517}"
EndProject
Global
	GlobalSection(SolutionConfigurationPlatforms) = preSolution
		Debug|Any CPU = Debug|Any CPU
		Release|Any CPU = Release|Any CPU
	EndGlobalSection
	GlobalSection(ProjectConfigurationPlatforms) = postSolution
		{331FFC28-C64F-46ED-B2DA-4B10B1337B4C}.Debug|Any CPU.ActiveCfg = Debug|Any CPU
		{331FFC28-C64F-46ED-B2DA-4B10B1337B4C}.Debug|Any CPU.Build.0 = Debug|Any CPU
		{331FFC28-C64F-46ED-B2DA-4B10B1337B4C}.Release|Any CPU.ActiveCfg = Release|Any CPU
		{331FFC28-C64F-46ED-B2DA-4B10B1337B4C}.Release|Any CPU.Build.0 = Release|Any CPU
		{AFCC1C43-07FB-420C-BF31-26083078D7A5}.Debug|Any CPU.ActiveCfg = Debug|Any CPU
		{AFCC1C43-07FB-420C-BF31-26083078D7A5}.Debug|Any CPU.Build.0 = Debug|Any CPU
		{AFCC1C43-07FB-420C-BF31-26083078D7A5}.Release|Any CPU.ActiveCfg = Release|Any CPU
		{AFCC1C43-07FB-420C-BF31-26083078D7A5}.Release|Any CPU.Build.0 = Release|Any CPU
		{238F7F7D-39E5-485C-B886-FBC5A7FBC9CC}.Debug|Any CPU.ActiveCfg = Debug|Any CPU
		{238F7F7D-39E5-485C-B886-FBC5A7FBC9CC}.Debug|Any CPU.Build.0 = Debug|Any CPU
		{238F7F7D-39E5-485C-B886-FBC5A7FBC9CC}.Release|Any CPU.ActiveCfg = Release|Any CPU
		{238F7F7D-39E5-485C-B886-FBC5A7FBC9CC}.Release|Any CPU.Build.0 = Release|Any CPU
		{69BBAD86-1925-4DA4-953D-B8FBAFFC2632}.Debug|Any CPU.ActiveCfg = Debug|Any CPU
		{69BBAD86-1925-4DA4-953D-B8FBAFFC2632}.Debug|Any CPU.Build.0 = Debug|Any CPU
		{69BBAD86-1925-4DA4-953D-B8FBAFFC2632}.Release|Any CPU.ActiveCfg = Release|Any CPU
		{69BBAD86-1925-4DA4-953D-B8FBAFFC2632}.Release|Any CPU.Build.0 = Release|Any CPU
		{C06D5D9A-00D1-4DF2-99DE-1610B744393F}.Debug|Any CPU.ActiveCfg = Debug|Any CPU
		{C06D5D9A-00D1-4DF2-99DE-1610B744393F}.Debug|Any CPU.Build.0 = Debug|Any CPU
		{C06D5D9A-00D1-4DF2-99DE-1610B744393F}.Release|Any CPU.ActiveCfg = Release|Any CPU
		{C06D5D9A-00D1-4DF2-99DE-1610B744393F}.Release|Any CPU.Build.0 = Release|Any CPU
		{B3F30188-7E98-444A-94A2-2C8D3E2B7627}.Debug|Any CPU.ActiveCfg = Debug|Any CPU
		{B3F30188-7E98-444A-94A2-2C8D3E2B7627}.Debug|Any CPU.Build.0 = Debug|Any CPU
		{B3F30188-7E98-444A-94A2-2C8D3E2B7627}.Release|Any CPU.ActiveCfg = Release|Any CPU
		{B3F30188-7E98-444A-94A2-2C8D3E2B7627}.Release|Any CPU.Build.0 = Release|Any CPU
		{8542D01A-9C26-4976-8DFA-D60B598EC2CC}.Debug|Any CPU.ActiveCfg = Debug|Any CPU
		{8542D01A-9C26-4976-8DFA-D60B598EC2CC}.Debug|Any CPU.Build.0 = Debug|Any CPU
		{8542D01A-9C26-4976-8DFA-D60B598EC2CC}.Release|Any CPU.ActiveCfg = Release|Any CPU
		{8542D01A-9C26-4976-8DFA-D60B598EC2CC}.Release|Any CPU.Build.0 = Release|Any CPU
		{733989D7-78DD-4321-B66E-77168F90B81D}.Debug|Any CPU.ActiveCfg = Debug|Any CPU
		{733989D7-78DD-4321-B66E-77168F90B81D}.Debug|Any CPU.Build.0 = Debug|Any CPU
		{733989D7-78DD-4321-B66E-77168F90B81D}.Release|Any CPU.ActiveCfg = Release|Any CPU
		{733989D7-78DD-4321-B66E-77168F90B81D}.Release|Any CPU.Build.0 = Release|Any CPU
	EndGlobalSection
	GlobalSection(SolutionProperties) = preSolution
		HideSolutionNode = FALSE
	EndGlobalSection
	GlobalSection(NestedProjects) = preSolution
		{ED0F9039-2CE1-4F34-BC0C-A1D06F7A063E} = {1D928C8D-7E6C-441E-810B-A2B99D550743}
		{331FFC28-C64F-46ED-B2DA-4B10B1337B4C} = {ED0F9039-2CE1-4F34-BC0C-A1D06F7A063E}
		{9D508D4C-6D6F-45CC-9892-B500B3E588FB} = {1D928C8D-7E6C-441E-810B-A2B99D550743}
		{AFCC1C43-07FB-420C-BF31-26083078D7A5} = {9D508D4C-6D6F-45CC-9892-B500B3E588FB}
		{FB39CCF7-7F5D-492A-BC8D-1F1896311560} = {1D928C8D-7E6C-441E-810B-A2B99D550743}
		{238F7F7D-39E5-485C-B886-FBC5A7FBC9CC} = {FB39CCF7-7F5D-492A-BC8D-1F1896311560}
		{39A7AFF2-E544-44E5-8C4F-EB58DD002C90} = {1D928C8D-7E6C-441E-810B-A2B99D550743}
		{69BBAD86-1925-4DA4-953D-B8FBAFFC2632} = {39A7AFF2-E544-44E5-8C4F-EB58DD002C90}
		{1626D45D-49B9-492D-BC8C-498AF592D9D1} = {1D928C8D-7E6C-441E-810B-A2B99D550743}
		{C06D5D9A-00D1-4DF2-99DE-1610B744393F} = {1626D45D-49B9-492D-BC8C-498AF592D9D1}
		{B3F30188-7E98-444A-94A2-2C8D3E2B7627} = {1E57BE5A-07FC-4AAC-A282-2EA815B91015}
		{8542D01A-9C26-4976-8DFA-D60B598EC2CC} = {1E57BE5A-07FC-4AAC-A282-2EA815B91015}
		{733989D7-78DD-4321-B66E-77168F90B81D} = {1E57BE5A-07FC-4AAC-A282-2EA815B91015}
	EndGlobalSection
EndGlobal
